// !$*UTF8*$!
{
	archiveVersion = 1;
	classes = {
	};
	objectVersion = 46;
	objects = {

/* Begin PBXBuildFile section */
		03CC816E1E1491CF0093553B /* AppDelegate.swift in Sources */ = {isa = PBXBuildFile; fileRef = 03CC816D1E1491CF0093553B /* AppDelegate.swift */; };
		03CC81701E1491CF0093553B /* ViewController.swift in Sources */ = {isa = PBXBuildFile; fileRef = 03CC816F1E1491CF0093553B /* ViewController.swift */; };
		03CC81731E1491CF0093553B /* Main.storyboard in Resources */ = {isa = PBXBuildFile; fileRef = 03CC81711E1491CF0093553B /* Main.storyboard */; };
		03CC81751E1491CF0093553B /* Assets.xcassets in Resources */ = {isa = PBXBuildFile; fileRef = 03CC81741E1491CF0093553B /* Assets.xcassets */; };
		03CC81781E1491CF0093553B /* LaunchScreen.storyboard in Resources */ = {isa = PBXBuildFile; fileRef = 03CC81761E1491CF0093553B /* LaunchScreen.storyboard */; };
		03CC81831E1491CF0093553B /* Food_TrackerTests.swift in Sources */ = {isa = PBXBuildFile; fileRef = 03CC81821E1491CF0093553B /* Food_TrackerTests.swift */; };
/* End PBXBuildFile section */

/* Begin PBXContainerItemProxy section */
		03CC817F1E1491CF0093553B /* PBXContainerItemProxy */ = {
			isa = PBXContainerItemProxy;
			containerPortal = 03CC81621E1491CE0093553B /* Project object */;
			proxyType = 1;
			remoteGlobalIDString = 03CC81691E1491CE0093553B;
			remoteInfo = "Food Tracker";
		};
/* End PBXContainerItemProxy section */

/* Begin PBXFileReference section */
		03CC816A1E1491CF0093553B /* Food Tracker.app */ = {isa = PBXFileReference; explicitFileType = wrapper.application; includeInIndex = 0; path = "Food Tracker.app"; sourceTree = BUILT_PRODUCTS_DIR; };
		03CC816D1E1491CF0093553B /* AppDelegate.swift */ = {isa = PBXFileReference; lastKnownFileType = sourcecode.swift; path = AppDelegate.swift; sourceTree = "<group>"; };
		03CC816F1E1491CF0093553B /* ViewController.swift */ = {isa = PBXFileReference; lastKnownFileType = sourcecode.swift; path = ViewController.swift; sourceTree = "<group>"; };
		03CC81721E1491CF0093553B /* Base */ = {isa = PBXFileReference; lastKnownFileType = file.storyboard; name = Base; path = Base.lproj/Main.storyboard; sourceTree = "<group>"; };
		03CC81741E1491CF0093553B /* Assets.xcassets */ = {isa = PBXFileReference; lastKnownFileType = folder.assetcatalog; path = Assets.xcassets; sourceTree = "<group>"; };
		03CC81771E1491CF0093553B /* Base */ = {isa = PBXFileReference; lastKnownFileType = file.storyboard; name = Base; path = Base.lproj/LaunchScreen.storyboard; sourceTree = "<group>"; };
		03CC81791E1491CF0093553B /* Info.plist */ = {isa = PBXFileReference; lastKnownFileType = text.plist.xml; path = Info.plist; sourceTree = "<group>"; };
		03CC817E1E1491CF0093553B /* Food TrackerTests.xctest */ = {isa = PBXFileReference; explicitFileType = wrapper.cfbundle; includeInIndex = 0; path = "Food TrackerTests.xctest"; sourceTree = BUILT_PRODUCTS_DIR; };
		03CC81821E1491CF0093553B /* Food_TrackerTests.swift */ = {isa = PBXFileReference; lastKnownFileType = sourcecode.swift; path = Food_TrackerTests.swift; sourceTree = "<group>"; };
		03CC81841E1491CF0093553B /* Info.plist */ = {isa = PBXFileReference; lastKnownFileType = text.plist.xml; path = Info.plist; sourceTree = "<group>"; };
/* End PBXFileReference section */

/* Begin PBXFrameworksBuildPhase section */
		03CC81671E1491CE0093553B /* Frameworks */ = {
			isa = PBXFrameworksBuildPhase;
			buildActionMask = 2147483647;
			files = (
			);
			runOnlyForDeploymentPostprocessing = 0;
		};
		03CC817B1E1491CF0093553B /* Frameworks */ = {
			isa = PBXFrameworksBuildPhase;
			buildActionMask = 2147483647;
			files = (
			);
			runOnlyForDeploymentPostprocessing = 0;
		};
/* End PBXFrameworksBuildPhase section */

/* Begin PBXGroup section */
		03CC81611E1491CE0093553B = {
			isa = PBXGroup;
			children = (
				03CC816C1E1491CF0093553B /* Food Tracker */,
				03CC81811E1491CF0093553B /* Food TrackerTests */,
				03CC816B1E1491CF0093553B /* Products */,
			);
			sourceTree = "<group>";
		};
		03CC816B1E1491CF0093553B /* Products */ = {
			isa = PBXGroup;
			children = (
				03CC816A1E1491CF0093553B /* Food Tracker.app */,
				03CC817E1E1491CF0093553B /* Food TrackerTests.xctest */,
			);
			name = Products;
			sourceTree = "<group>";
		};
		03CC816C1E1491CF0093553B /* Food Tracker */ = {
			isa = PBXGroup;
			children = (
				03CC816D1E1491CF0093553B /* AppDelegate.swift */,
				03CC816F1E1491CF0093553B /* ViewController.swift */,
				03CC81711E1491CF0093553B /* Main.storyboard */,
				03CC81741E1491CF0093553B /* Assets.xcassets */,
				03CC81761E1491CF0093553B /* LaunchScreen.storyboard */,
				03CC81791E1491CF0093553B /* Info.plist */,
			);
			path = "Food Tracker";
			sourceTree = "<group>";
		};
		03CC81811E1491CF0093553B /* Food TrackerTests */ = {
			isa = PBXGroup;
			children = (
				03CC81821E1491CF0093553B /* Food_TrackerTests.swift */,
				03CC81841E1491CF0093553B /* Info.plist */,
			);
			path = "Food TrackerTests";
			sourceTree = "<group>";
		};
/* End PBXGroup section */

/* Begin PBXNativeTarget section */
		03CC81691E1491CE0093553B /* Food Tracker */ = {
			isa = PBXNativeTarget;
			buildConfigurationList = 03CC81871E1491CF0093553B /* Build configuration list for PBXNativeTarget "Food Tracker" */;
			buildPhases = (
				03CC81661E1491CE0093553B /* Sources */,
				03CC81671E1491CE0093553B /* Frameworks */,
				03CC81681E1491CE0093553B /* Resources */,
			);
			buildRules = (
			);
			dependencies = (
			);
			name = "Food Tracker";
			productName = "Food Tracker";
			productReference = 03CC816A1E1491CF0093553B /* Food Tracker.app */;
			productType = "com.apple.product-type.application";
		};
		03CC817D1E1491CF0093553B /* Food TrackerTests */ = {
			isa = PBXNativeTarget;
			buildConfigurationList = 03CC818A1E1491CF0093553B /* Build configuration list for PBXNativeTarget "Food TrackerTests" */;
			buildPhases = (
				03CC817A1E1491CF0093553B /* Sources */,
				03CC817B1E1491CF0093553B /* Frameworks */,
				03CC817C1E1491CF0093553B /* Resources */,
			);
			buildRules = (
			);
			dependencies = (
				03CC81801E1491CF0093553B /* PBXTargetDependency */,
			);
			name = "Food TrackerTests";
			productName = "Food TrackerTests";
			productReference = 03CC817E1E1491CF0093553B /* Food TrackerTests.xctest */;
			productType = "com.apple.product-type.bundle.unit-test";
		};
/* End PBXNativeTarget section */

/* Begin PBXProject section */
		03CC81621E1491CE0093553B /* Project object */ = {
			isa = PBXProject;
			attributes = {
				LastSwiftUpdateCheck = 0820;
				LastUpgradeCheck = 0820;
				ORGANIZATIONNAME = PoffDev;
				TargetAttributes = {
					03CC81691E1491CE0093553B = {
						CreatedOnToolsVersion = 8.2;
						ProvisioningStyle = Automatic;
					};
					03CC817D1E1491CF0093553B = {
						CreatedOnToolsVersion = 8.2;
						ProvisioningStyle = Automatic;
						TestTargetID = 03CC81691E1491CE0093553B;
					};
				};
			};
			buildConfigurationList = 03CC81651E1491CE0093553B /* Build configuration list for PBXProject "Food Tracker" */;
			compatibilityVersion = "Xcode 3.2";
			developmentRegion = English;
			hasScannedForEncodings = 0;
			knownRegions = (
				en,
				Base,
			);
			mainGroup = 03CC81611E1491CE0093553B;
			productRefGroup = 03CC816B1E1491CF0093553B /* Products */;
			projectDirPath = "";
			projectRoot = "";
			targets = (
				03CC81691E1491CE0093553B /* Food Tracker */,
				03CC817D1E1491CF0093553B /* Food TrackerTests */,
			);
		};
/* End PBXProject section */

/* Begin PBXResourcesBuildPhase section */
		03CC81681E1491CE0093553B /* Resources */ = {
			isa = PBXResourcesBuildPhase;
			buildActionMask = 2147483647;
			files = (
				03CC81781E1491CF0093553B /* LaunchScreen.storyboard in Resources */,
				03CC81751E1491CF0093553B /* Assets.xcassets in Resources */,
				03CC81731E1491CF0093553B /* Main.storyboard in Resources */,
			);
			runOnlyForDeploymentPostprocessing = 0;
		};
		03CC817C1E1491CF0093553B /* Resources */ = {
			isa = PBXResourcesBuildPhase;
			buildActionMask = 2147483647;
			files = (
			);
			runOnlyForDeploymentPostprocessing = 0;
		};
/* End PBXResourcesBuildPhase section */

/* Begin PBXSourcesBuildPhase section */
		03CC81661E1491CE0093553B /* Sources */ = {
			isa = PBXSourcesBuildPhase;
			buildActionMask = 2147483647;
			files = (
				03CC81701E1491CF0093553B /* ViewController.swift in Sources */,
				03CC816E1E1491CF0093553B /* AppDelegate.swift in Sources */,
			);
			runOnlyForDeploymentPostprocessing = 0;
		};
		03CC817A1E1491CF0093553B /* Sources */ = {
			isa = PBXSourcesBuildPhase;
			buildActionMask = 2147483647;
			files = (
				03CC81831E1491CF0093553B /* Food_TrackerTests.swift in Sources */,
			);
			runOnlyForDeploymentPostprocessing = 0;
		};
/* End PBXSourcesBuildPhase section */

/* Begin PBXTargetDependency section */
		03CC81801E1491CF0093553B /* PBXTargetDependency */ = {
			isa = PBXTargetDependency;
			target = 03CC81691E1491CE0093553B /* Food Tracker */;
			targetProxy = 03CC817F1E1491CF0093553B /* PBXContainerItemProxy */;
		};
/* End PBXTargetDependency section */

/* Begin PBXVariantGroup section */
		03CC81711E1491CF0093553B /* Main.storyboard */ = {
			isa = PBXVariantGroup;
			children = (
				03CC81721E1491CF0093553B /* Base */,
			);
			name = Main.storyboard;
			sourceTree = "<group>";
		};
		03CC81761E1491CF0093553B /* LaunchScreen.storyboard */ = {
			isa = PBXVariantGroup;
			children = (
				03CC81771E1491CF0093553B /* Base */,
			);
			name = LaunchScreen.storyboard;
			sourceTree = "<group>";
		};
/* End PBXVariantGroup section */

/* Begin XCBuildConfiguration section */
		03CC81851E1491CF0093553B /* Debug */ = {
			isa = XCBuildConfiguration;
			buildSettings = {
				ALWAYS_SEARCH_USER_PATHS = NO;
				CLANG_ANALYZER_NONNULL = YES;
				CLANG_CXX_LANGUAGE_STANDARD = "gnu++0x";
				CLANG_CXX_LIBRARY = "libc++";
				CLANG_ENABLE_MODULES = YES;
				CLANG_ENABLE_OBJC_ARC = YES;
				CLANG_WARN_BOOL_CONVERSION = YES;
				CLANG_WARN_CONSTANT_CONVERSION = YES;
				CLANG_WARN_DIRECT_OBJC_ISA_USAGE = YES_ERROR;
				CLANG_WARN_DOCUMENTATION_COMMENTS = YES;
				CLANG_WARN_EMPTY_BODY = YES;
				CLANG_WARN_ENUM_CONVERSION = YES;
				CLANG_WARN_INFINITE_RECURSION = YES;
				CLANG_WARN_INT_CONVERSION = YES;
				CLANG_WARN_OBJC_ROOT_CLASS = YES_ERROR;
				CLANG_WARN_SUSPICIOUS_MOVE = YES;
				CLANG_WARN_UNREACHABLE_CODE = YES;
				CLANG_WARN__DUPLICATE_METHOD_MATCH = YES;
				"CODE_SIGN_IDENTITY[sdk=iphoneos*]" = "iPhone Developer";
				COPY_PHASE_STRIP = NO;
				DEBUG_INFORMATION_FORMAT = dwarf;
				ENABLE_STRICT_OBJC_MSGSEND = YES;
				ENABLE_TESTABILITY = YES;
				GCC_C_LANGUAGE_STANDARD = gnu99;
				GCC_DYNAMIC_NO_PIC = NO;
				GCC_NO_COMMON_BLOCKS = YES;
				GCC_OPTIMIZATION_LEVEL = 0;
				GCC_PREPROCESSOR_DEFINITIONS = (
					"DEBUG=1",
					"$(inherited)",
				);
				GCC_WARN_64_TO_32_BIT_CONVERSION = YES;
				GCC_WARN_ABOUT_RETURN_TYPE = YES_ERROR;
				GCC_WARN_UNDECLARED_SELECTOR = YES;
				GCC_WARN_UNINITIALIZED_AUTOS = YES_AGGRESSIVE;
				GCC_WARN_UNUSED_FUNCTION = YES;
				GCC_WARN_UNUSED_VARIABLE = YES;
				IPHONEOS_DEPLOYMENT_TARGET = 10.2;
				MTL_ENABLE_DEBUG_INFO = YES;
				ONLY_ACTIVE_ARCH = YES;
				SDKROOT = iphoneos;
				SWIFT_ACTIVE_COMPILATION_CONDITIONS = DEBUG;
				SWIFT_OPTIMIZATION_LEVEL = "-Onone";
				TARGETED_DEVICE_FAMILY = "1,2";
			};
			name = Debug;
		};
		03CC81861E1491CF0093553B /* Release */ = {
			isa = XCBuildConfiguration;
			buildSettings = {
				ALWAYS_SEARCH_USER_PATHS = NO;
				CLANG_ANALYZER_NONNULL = YES;
				CLANG_CXX_LANGUAGE_STANDARD = "gnu++0x";
				CLANG_CXX_LIBRARY = "libc++";
				CLANG_ENABLE_MODULES = YES;
				CLANG_ENABLE_OBJC_ARC = YES;
				CLANG_WARN_BOOL_CONVERSION = YES;
				CLANG_WARN_CONSTANT_CONVERSION = YES;
				CLANG_WARN_DIRECT_OBJC_ISA_USAGE = YES_ERROR;
				CLANG_WARN_DOCUMENTATION_COMMENTS = YES;
				CLANG_WARN_EMPTY_BODY = YES;
				CLANG_WARN_ENUM_CONVERSION = YES;
				CLANG_WARN_INFINITE_RECURSION = YES;
				CLANG_WARN_INT_CONVERSION = YES;
				CLANG_WARN_OBJC_ROOT_CLASS = YES_ERROR;
				CLANG_WARN_SUSPICIOUS_MOVE = YES;
				CLANG_WARN_UNREACHABLE_CODE = YES;
				CLANG_WARN__DUPLICATE_METHOD_MATCH = YES;
				"CODE_SIGN_IDENTITY[sdk=iphoneos*]" = "iPhone Developer";
				COPY_PHASE_STRIP = NO;
				DEBUG_INFORMATION_FORMAT = "dwarf-with-dsym";
				ENABLE_NS_ASSERTIONS = NO;
				ENABLE_STRICT_OBJC_MSGSEND = YES;
				GCC_C_LANGUAGE_STANDARD = gnu99;
				GCC_NO_COMMON_BLOCKS = YES;
				GCC_WARN_64_TO_32_BIT_CONVERSION = YES;
				GCC_WARN_ABOUT_RETURN_TYPE = YES_ERROR;
				GCC_WARN_UNDECLARED_SELECTOR = YES;
				GCC_WARN_UNINITIALIZED_AUTOS = YES_AGGRESSIVE;
				GCC_WARN_UNUSED_FUNCTION = YES;
				GCC_WARN_UNUSED_VARIABLE = YES;
				IPHONEOS_DEPLOYMENT_TARGET = 10.2;
				MTL_ENABLE_DEBUG_INFO = NO;
				SDKROOT = iphoneos;
				SWIFT_OPTIMIZATION_LEVEL = "-Owholemodule";
				TARGETED_DEVICE_FAMILY = "1,2";
				VALIDATE_PRODUCT = YES;
			};
			name = Release;
		};
		03CC81881E1491CF0093553B /* Debug */ = {
			isa = XCBuildConfiguration;
			buildSettings = {
				ASSETCATALOG_COMPILER_APPICON_NAME = AppIcon;
				INFOPLIST_FILE = "Food Tracker/Info.plist";
				LD_RUNPATH_SEARCH_PATHS = "$(inherited) @executable_path/Frameworks";
				PRODUCT_BUNDLE_IDENTIFIER = "poffdev.com.Food-Tracker";
				PRODUCT_NAME = "$(TARGET_NAME)";
				SWIFT_VERSION = 3.0;
			};
			name = Debug;
		};
		03CC81891E1491CF0093553B /* Release */ = {
			isa = XCBuildConfiguration;
			buildSettings = {
				ASSETCATALOG_COMPILER_APPICON_NAME = AppIcon;
				INFOPLIST_FILE = "Food Tracker/Info.plist";
				LD_RUNPATH_SEARCH_PATHS = "$(inherited) @executable_path/Frameworks";
				PRODUCT_BUNDLE_IDENTIFIER = "poffdev.com.Food-Tracker";
				PRODUCT_NAME = "$(TARGET_NAME)";
				SWIFT_VERSION = 3.0;
			};
			name = Release;
		};
		03CC818B1E1491CF0093553B /* Debug */ = {
			isa = XCBuildConfiguration;
			buildSettings = {
				ALWAYS_EMBED_SWIFT_STANDARD_LIBRARIES = YES;
				BUNDLE_LOADER = "$(TEST_HOST)";
				INFOPLIST_FILE = "Food TrackerTests/Info.plist";
				LD_RUNPATH_SEARCH_PATHS = "$(inherited) @executable_path/Frameworks @loader_path/Frameworks";
				PRODUCT_BUNDLE_IDENTIFIER = "poffdev.com.Food-TrackerTests";
				PRODUCT_NAME = "$(TARGET_NAME)";
				SWIFT_VERSION = 3.0;
				TEST_HOST = "$(BUILT_PRODUCTS_DIR)/Food Tracker.app/Food Tracker";
			};
			name = Debug;
		};
		03CC818C1E1491CF0093553B /* Release */ = {
			isa = XCBuildConfiguration;
			buildSettings = {
				ALWAYS_EMBED_SWIFT_STANDARD_LIBRARIES = YES;
				BUNDLE_LOADER = "$(TEST_HOST)";
				INFOPLIST_FILE = "Food TrackerTests/Info.plist";
				LD_RUNPATH_SEARCH_PATHS = "$(inherited) @executable_path/Frameworks @loader_path/Frameworks";
				PRODUCT_BUNDLE_IDENTIFIER = "poffdev.com.Food-TrackerTests";
				PRODUCT_NAME = "$(TARGET_NAME)";
				SWIFT_VERSION = 3.0;
				TEST_HOST = "$(BUILT_PRODUCTS_DIR)/Food Tracker.app/Food Tracker";
			};
			name = Release;
		};
/* End XCBuildConfiguration section */

/* Begin XCConfigurationList section */
		03CC81651E1491CE0093553B /* Build configuration list for PBXProject "Food Tracker" */ = {
			isa = XCConfigurationList;
			buildConfigurations = (
				03CC81851E1491CF0093553B /* Debug */,
				03CC81861E1491CF0093553B /* Release */,
			);
			defaultConfigurationIsVisible = 0;
			defaultConfigurationName = Release;
		};
		03CC81871E1491CF0093553B /* Build configuration list for PBXNativeTarget "Food Tracker" */ = {
			isa = XCConfigurationList;
			buildConfigurations = (
				03CC81881E1491CF0093553B /* Debug */,
				03CC81891E1491CF0093553B /* Release */,
			);
			defaultConfigurationIsVisible = 0;
		};
		03CC818A1E1491CF0093553B /* Build configuration list for PBXNativeTarget "Food TrackerTests" */ = {
			isa = XCConfigurationList;
			buildConfigurations = (
				03CC818B1E1491CF0093553B /* Debug */,
				03CC818C1E1491CF0093553B /* Release */,
			);
			defaultConfigurationIsVisible = 0;
		};
/* End XCConfigurationList section */
	};
	rootObject = 03CC81621E1491CE0093553B /* Project object */;
}
